
Microsoft Visual Studio Solution File, Format Version 12.00
# Visual Studio Version 16
VisualStudioVersion = 16.0.30907.101
MinimumVisualStudioVersion = 10.0.40219.1
Project("{2150E333-8FDC-42A3-9474-1A3956D46DE8}") = "Vecka 1", "Vecka 1", "{04DE3332-FD9A-4207-9704-A53B67F0CAB7}"
EndProject
Project("{2150E333-8FDC-42A3-9474-1A3956D46DE8}") = "Dag 1", "Dag 1", "{B93EF8CC-CCA6-4855-8221-EE48AF8B3BCD}"
EndProject
Project("{FAE04EC0-301F-11D3-BF4B-00C04F79EFBC}") = "Countnulls", "Countnulls\Countnulls.csproj", "{2923E7D0-16BC-4D21-8A22-A51950144CF2}"
EndProject
Project("{FAE04EC0-301F-11D3-BF4B-00C04F79EFBC}") = "Countstat", "Countstat\Countstat.csproj", "{11F4EAC3-20DA-4F15-9C62-A2506A2BF840}"
EndProject
Project("{FAE04EC0-301F-11D3-BF4B-00C04F79EFBC}") = "Point2D", "Point2D\Point2D.csproj", "{C8714977-200E-4A12-9918-40AA055D4C6C}"
EndProject
Project("{FAE04EC0-301F-11D3-BF4B-00C04F79EFBC}") = "Weekdays", "Weekdays\Weekdays.csproj", "{3A6541B7-FF08-4B64-822D-DA96B2106DA9}"
EndProject
Project("{2150E333-8FDC-42A3-9474-1A3956D46DE8}") = "Dag 2", "Dag 2", "{10E29B81-5F0E-497F-A586-BAA5C3DD1242}"
EndProject
Project("{FAE04EC0-301F-11D3-BF4B-00C04F79EFBC}") = "Planeter", "Planeter\Planeter.csproj", "{91489B5F-9FDC-4F15-9FD7-2270EB647750}"
EndProject
Project("{FAE04EC0-301F-11D3-BF4B-00C04F79EFBC}") = "Matrismult", "Matrismult\Matrismult.csproj", "{CC3F489A-CF08-41DF-927E-D4C959B3D8F3}"
EndProject
Project("{FAE04EC0-301F-11D3-BF4B-00C04F79EFBC}") = "Matcher", "Matcher\Matcher.csproj", "{3BC3BC5F-7517-407B-9F0D-9DCDDCCC33A0}"
EndProject
Project("{2150E333-8FDC-42A3-9474-1A3956D46DE8}") = "Dag 3", "Dag 3", "{A6964616-2C80-4964-BFE7-F3D03C980A9C}"
EndProject
Project("{FAE04EC0-301F-11D3-BF4B-00C04F79EFBC}") = "Textfilradsorterare", "Textfilradsorterare\Textfilradsorterare.csproj", "{15BC2C44-BF76-45D2-8930-154FD030E3A5}"
EndProject
Project("{2150E333-8FDC-42A3-9474-1A3956D46DE8}") = "Övningar 2", "Övningar 2", "{CAB8826A-3719-4AF6-AF75-503D164EC32F}"
EndProject
Project("{FAE04EC0-301F-11D3-BF4B-00C04F79EFBC}") = "Övning 2.3", "Övningar 2.3\Övning 2.3.csproj", "{4A22BD8F-6172-43CD-82C9-F1FF3A685002}"
EndProject
Project("{FAE04EC0-301F-11D3-BF4B-00C04F79EFBC}") = "Övning 2.4", "Övning 2.4\Övning 2.4.csproj", "{C8D94FED-28EA-43BC-AA46-681B0EDF63FB}"
EndProject
Project("{FAE04EC0-301F-11D3-BF4B-00C04F79EFBC}") = "Övning 2.5", "Övning 2.5\Övning 2.5.csproj", "{324A3CE4-148F-45A1-8A4F-EAEDCFE619C9}"
EndProject
Global
	GlobalSection(SolutionConfigurationPlatforms) = preSolution
		Debug|Any CPU = Debug|Any CPU
		Release|Any CPU = Release|Any CPU
	EndGlobalSection
	GlobalSection(ProjectConfigurationPlatforms) = postSolution
		{2923E7D0-16BC-4D21-8A22-A51950144CF2}.Debug|Any CPU.ActiveCfg = Debug|Any CPU
		{2923E7D0-16BC-4D21-8A22-A51950144CF2}.Debug|Any CPU.Build.0 = Debug|Any CPU
		{2923E7D0-16BC-4D21-8A22-A51950144CF2}.Release|Any CPU.ActiveCfg = Release|Any CPU
		{2923E7D0-16BC-4D21-8A22-A51950144CF2}.Release|Any CPU.Build.0 = Release|Any CPU
		{11F4EAC3-20DA-4F15-9C62-A2506A2BF840}.Debug|Any CPU.ActiveCfg = Debug|Any CPU
		{11F4EAC3-20DA-4F15-9C62-A2506A2BF840}.Debug|Any CPU.Build.0 = Debug|Any CPU
		{11F4EAC3-20DA-4F15-9C62-A2506A2BF840}.Release|Any CPU.ActiveCfg = Release|Any CPU
		{11F4EAC3-20DA-4F15-9C62-A2506A2BF840}.Release|Any CPU.Build.0 = Release|Any CPU
		{C8714977-200E-4A12-9918-40AA055D4C6C}.Debug|Any CPU.ActiveCfg = Debug|Any CPU
		{C8714977-200E-4A12-9918-40AA055D4C6C}.Debug|Any CPU.Build.0 = Debug|Any CPU
		{C8714977-200E-4A12-9918-40AA055D4C6C}.Release|Any CPU.ActiveCfg = Release|Any CPU
		{C8714977-200E-4A12-9918-40AA055D4C6C}.Release|Any CPU.Build.0 = Release|Any CPU
		{3A6541B7-FF08-4B64-822D-DA96B2106DA9}.Debug|Any CPU.ActiveCfg = Debug|Any CPU
		{3A6541B7-FF08-4B64-822D-DA96B2106DA9}.Debug|Any CPU.Build.0 = Debug|Any CPU
		{3A6541B7-FF08-4B64-822D-DA96B2106DA9}.Release|Any CPU.ActiveCfg = Release|Any CPU
		{3A6541B7-FF08-4B64-822D-DA96B2106DA9}.Release|Any CPU.Build.0 = Release|Any CPU
		{91489B5F-9FDC-4F15-9FD7-2270EB647750}.Debug|Any CPU.ActiveCfg = Debug|Any CPU
		{91489B5F-9FDC-4F15-9FD7-2270EB647750}.Debug|Any CPU.Build.0 = Debug|Any CPU
		{91489B5F-9FDC-4F15-9FD7-2270EB647750}.Release|Any CPU.ActiveCfg = Release|Any CPU
		{91489B5F-9FDC-4F15-9FD7-2270EB647750}.Release|Any CPU.Build.0 = Release|Any CPU
		{CC3F489A-CF08-41DF-927E-D4C959B3D8F3}.Debug|Any CPU.ActiveCfg = Debug|Any CPU
		{CC3F489A-CF08-41DF-927E-D4C959B3D8F3}.Debug|Any CPU.Build.0 = Debug|Any CPU
		{CC3F489A-CF08-41DF-927E-D4C959B3D8F3}.Release|Any CPU.ActiveCfg = Release|Any CPU
		{CC3F489A-CF08-41DF-927E-D4C959B3D8F3}.Release|Any CPU.Build.0 = Release|Any CPU
		{3BC3BC5F-7517-407B-9F0D-9DCDDCCC33A0}.Debug|Any CPU.ActiveCfg = Debug|Any CPU
		{3BC3BC5F-7517-407B-9F0D-9DCDDCCC33A0}.Debug|Any CPU.Build.0 = Debug|Any CPU
		{3BC3BC5F-7517-407B-9F0D-9DCDDCCC33A0}.Release|Any CPU.ActiveCfg = Release|Any CPU
		{3BC3BC5F-7517-407B-9F0D-9DCDDCCC33A0}.Release|Any CPU.Build.0 = Release|Any CPU
		{15BC2C44-BF76-45D2-8930-154FD030E3A5}.Debug|Any CPU.ActiveCfg = Debug|Any CPU
		{15BC2C44-BF76-45D2-8930-154FD030E3A5}.Debug|Any CPU.Build.0 = Debug|Any CPU
		{15BC2C44-BF76-45D2-8930-154FD030E3A5}.Release|Any CPU.ActiveCfg = Release|Any CPU
		{15BC2C44-BF76-45D2-8930-154FD030E3A5}.Release|Any CPU.Build.0 = Release|Any CPU
		{4A22BD8F-6172-43CD-82C9-F1FF3A685002}.Debug|Any CPU.ActiveCfg = Debug|Any CPU
		{4A22BD8F-6172-43CD-82C9-F1FF3A685002}.Debug|Any CPU.Build.0 = Debug|Any CPU
		{4A22BD8F-6172-43CD-82C9-F1FF3A685002}.Release|Any CPU.ActiveCfg = Release|Any CPU
		{4A22BD8F-6172-43CD-82C9-F1FF3A685002}.Release|Any CPU.Build.0 = Release|Any CPU
		{C8D94FED-28EA-43BC-AA46-681B0EDF63FB}.Debug|Any CPU.ActiveCfg = Debug|Any CPU
		{C8D94FED-28EA-43BC-AA46-681B0EDF63FB}.Debug|Any CPU.Build.0 = Debug|Any CPU
		{C8D94FED-28EA-43BC-AA46-681B0EDF63FB}.Release|Any CPU.ActiveCfg = Release|Any CPU
		{C8D94FED-28EA-43BC-AA46-681B0EDF63FB}.Release|Any CPU.Build.0 = Release|Any CPU
		{324A3CE4-148F-45A1-8A4F-EAEDCFE619C9}.Debug|Any CPU.ActiveCfg = Debug|Any CPU
		{324A3CE4-148F-45A1-8A4F-EAEDCFE619C9}.Debug|Any CPU.Build.0 = Debug|Any CPU
		{324A3CE4-148F-45A1-8A4F-EAEDCFE619C9}.Release|Any CPU.ActiveCfg = Release|Any CPU
		{324A3CE4-148F-45A1-8A4F-EAEDCFE619C9}.Release|Any CPU.Build.0 = Release|Any CPU
	EndGlobalSection
	GlobalSection(SolutionProperties) = preSolution
		HideSolutionNode = FALSE
	EndGlobalSection
	GlobalSection(NestedProjects) = preSolution
		{B93EF8CC-CCA6-4855-8221-EE48AF8B3BCD} = {04DE3332-FD9A-4207-9704-A53B67F0CAB7}
		{2923E7D0-16BC-4D21-8A22-A51950144CF2} = {B93EF8CC-CCA6-4855-8221-EE48AF8B3BCD}
		{11F4EAC3-20DA-4F15-9C62-A2506A2BF840} = {B93EF8CC-CCA6-4855-8221-EE48AF8B3BCD}
		{C8714977-200E-4A12-9918-40AA055D4C6C} = {B93EF8CC-CCA6-4855-8221-EE48AF8B3BCD}
		{3A6541B7-FF08-4B64-822D-DA96B2106DA9} = {B93EF8CC-CCA6-4855-8221-EE48AF8B3BCD}
		{10E29B81-5F0E-497F-A586-BAA5C3DD1242} = {04DE3332-FD9A-4207-9704-A53B67F0CAB7}
		{91489B5F-9FDC-4F15-9FD7-2270EB647750} = {10E29B81-5F0E-497F-A586-BAA5C3DD1242}
		{CC3F489A-CF08-41DF-927E-D4C959B3D8F3} = {10E29B81-5F0E-497F-A586-BAA5C3DD1242}
		{3BC3BC5F-7517-407B-9F0D-9DCDDCCC33A0} = {10E29B81-5F0E-497F-A586-BAA5C3DD1242}
		{A6964616-2C80-4964-BFE7-F3D03C980A9C} = {04DE3332-FD9A-4207-9704-A53B67F0CAB7}
		{15BC2C44-BF76-45D2-8930-154FD030E3A5} = {A6964616-2C80-4964-BFE7-F3D03C980A9C}
		{4A22BD8F-6172-43CD-82C9-F1FF3A685002} = {CAB8826A-3719-4AF6-AF75-503D164EC32F}
		{C8D94FED-28EA-43BC-AA46-681B0EDF63FB} = {CAB8826A-3719-4AF6-AF75-503D164EC32F}
		{324A3CE4-148F-45A1-8A4F-EAEDCFE619C9} = {CAB8826A-3719-4AF6-AF75-503D164EC32F}
	EndGlobalSection
	GlobalSection(ExtensibilityGlobals) = postSolution
		SolutionGuid = {AC04929F-B71C-4A28-B368-6BD379A4934C}
	EndGlobalSection
EndGlobal
